
Microsoft Visual Studio Solution File, Format Version 12.00
# Visual Studio 15
VisualStudioVersion = 15.0.28307.779
MinimumVisualStudioVersion = 10.0.40219.1
Project("{FAE04EC0-301F-11D3-BF4B-00C04F79EFBC}") = "gzhao_checkout_total", "gzhao_checkout_total\gzhao_checkout_total.csproj", "{F08F8F93-027E-4C9A-BEAA-7E2F02C654A5}"
EndProject
Global
	GlobalSection(SolutionConfigurationPlatforms) = preSolution
		Debug|Any CPU = Debug|Any CPU
		Release|Any CPU = Release|Any CPU
	EndGlobalSection
	GlobalSection(ProjectConfigurationPlatforms) = postSolution
		{F08F8F93-027E-4C9A-BEAA-7E2F02C654A5}.Debug|Any CPU.ActiveCfg = Debug|Any CPU
		{F08F8F93-027E-4C9A-BEAA-7E2F02C654A5}.Debug|Any CPU.Build.0 = Debug|Any CPU
		{F08F8F93-027E-4C9A-BEAA-7E2F02C654A5}.Release|Any CPU.ActiveCfg = Release|Any CPU
		{F08F8F93-027E-4C9A-BEAA-7E2F02C654A5}.Release|Any CPU.Build.0 = Release|Any CPU
	EndGlobalSection
	GlobalSection(SolutionProperties) = preSolution
		HideSolutionNode = FALSE
	EndGlobalSection
	GlobalSection(ExtensibilityGlobals) = postSolution
		SolutionGuid = {A867A52C-A78E-44CB-BDBE-59A46938C43C}
	EndGlobalSection
EndGlobal
